# This file is automatically @generated by Cargo.
# It is not intended for manual editing.
version = 4

[[package]]
name = "doctown-builder"
version = "0.1.0"

[[package]]
name = "doctown-core"
version = "0.1.0"

[[package]]
name = "localdoc"
version = "0.1.0"

[[package]]
name = "sandbox"
version = "0.1.0"
